<?xml version="1.0" encoding="utf-8"?>
<Project ToolsVersion="4.0" xmlns="http://schemas.microsoft.com/developer/msbuild/2003">
	<ItemGroup>
		<Filter Include="Header Files">
			<UniqueIdentifier>{7f5344c2-6544-4db2-8a0a-a4cb9d36cd9f}</UniqueIdentifier>
		</Filter>
		<Filter Include="Source Files">
			<UniqueIdentifier>{27c7a5a5-b3bd-4d25-a91d-fbcfaf0ed261}</UniqueIdentifier>
		</Filter>
		<Filter Include="TwinCAT UM Files">
			<UniqueIdentifier>{42f09597-aae3-4c55-987c-42c31aa559ec}</UniqueIdentifier>
		</Filter>
		<Filter Include="TwinCAT RT Files">
			<UniqueIdentifier>{95cf129a-7245-4177-80ab-5d233c8f54f6}</UniqueIdentifier>
		</Filter>
		<Filter Include="TwinCAT OS Files">
			<UniqueIdentifier>{710a055d-9dbc-4e36-8e63-f0348c054f7c}</UniqueIdentifier>
		</Filter>
		<Filter Include="TMC Files">
			<UniqueIdentifier>{d0f881c1-7bfc-4f3c-baa4-0c0726164b17}</UniqueIdentifier>
		</Filter>
	</ItemGroup>
	<ItemGroup>
		<ClInclude Include="Resource.h">
			<Filter>TwinCAT UM Files</Filter>
		</ClInclude>
		<ClInclude Include="TcPch.h">
			<Filter>Header Files</Filter>
		</ClInclude>
		<ClInclude Include="Untitled1ClassFactory.h">
			<Filter>Header Files</Filter>
		</ClInclude>
		<ClInclude Include="Untitled1Interfaces.h">
			<Filter>Header Files</Filter>
		</ClInclude>
		<ClInclude Include="Untitled1Services.h">
			<Filter>Header Files</Filter>
		</ClInclude>
		<ClInclude Include="Untitled1Ctrl.h">
			<Filter>TwinCAT UM Files</Filter>
		</ClInclude>
		<ClInclude Include="Untitled1Driver.h">
			<Filter>TwinCAT RT Files</Filter>
		</ClInclude>
	</ItemGroup>
	<ItemGroup>
		<ClCompile Include="TcPch.cpp">
			<Filter>Source Files</Filter>
		</ClCompile>
		<ClCompile Include="Untitled1ClassFactory.cpp">
			<Filter>Source Files</Filter>
		</ClCompile>
		<ClCompile Include="Untitled1Ctrl.cpp">
			<Filter>TwinCAT UM Files</Filter>
		</ClCompile>
		<ClCompile Include="Untitled1W32.cpp">
			<Filter>TwinCAT UM Files</Filter>
		</ClCompile>
		<ClCompile Include="Untitled1Driver.cpp">
			<Filter>TwinCAT RT Files</Filter>
		</ClCompile>
		<ClCompile Include="Untitled1Main.cpp">
			<Filter>TwinCAT OS Files</Filter>
		</ClCompile>
	</ItemGroup>
	<ItemGroup>
		<ResourceCompile Include="Untitled1.rc">
			<Filter>Source Files</Filter>
		</ResourceCompile>
		<ResourceCompile Include="Untitled1W32.rc">
			<Filter>TwinCAT UM Files</Filter>
		</ResourceCompile>
	</ItemGroup>
	<ItemGroup>
		<None Include="Untitled1W32.def">
			<Filter>TwinCAT UM Files</Filter>
		</None>
		<None Include="Untitled1.tmc">
			<Filter>TMC Files</Filter>
		</None>
	</ItemGroup>
	<ItemGroup>
		<Midl Include="Untitled1W32.idl">
			<Filter>TwinCAT UM Files</Filter>
		</Midl>
	</ItemGroup>
</Project>