
Microsoft Visual Studio Solution File, Format Version 12.00
# Visual Studio Version 17
VisualStudioVersion = 17.1.32228.430
MinimumVisualStudioVersion = 10.0.40219.1
Project("{FAE04EC0-301F-11D3-BF4B-00C04F79EFBC}") = "ADS Control With Classes", "ADS Control With Classes\ADS Control With Classes.csproj", "{15349AD6-E4EE-498E-89FD-D8B321B63894}"
EndProject
Global
	GlobalSection(SolutionConfigurationPlatforms) = preSolution
		Debug|Any CPU = Debug|Any CPU
		Release|Any CPU = Release|Any CPU
	EndGlobalSection
	GlobalSection(ProjectConfigurationPlatforms) = postSolution
		{15349AD6-E4EE-498E-89FD-D8B321B63894}.Debug|Any CPU.ActiveCfg = Debug|Any CPU
		{15349AD6-E4EE-498E-89FD-D8B321B63894}.Debug|Any CPU.Build.0 = Debug|Any CPU
		{15349AD6-E4EE-498E-89FD-D8B321B63894}.Release|Any CPU.ActiveCfg = Release|Any CPU
		{15349AD6-E4EE-498E-89FD-D8B321B63894}.Release|Any CPU.Build.0 = Release|Any CPU
	EndGlobalSection
	GlobalSection(SolutionProperties) = preSolution
		HideSolutionNode = FALSE
	EndGlobalSection
	GlobalSection(ExtensibilityGlobals) = postSolution
		SolutionGuid = {5EE459F6-79CD-4A0C-927C-0F8A806DC591}
	EndGlobalSection
EndGlobal
