
Microsoft Visual Studio Solution File, Format Version 11.00
# Visual Studio 2010
Project("{FAE04EC0-301F-11D3-BF4B-00C04F79EFBC}") = "Assembly-CSharp", "Assembly-CSharp.csproj", "{ba8b3e76-9c3e-0035-5f89-2098e647334b}"
EndProject
Global
	GlobalSection(SolutionConfigurationPlatforms) = preSolution
		Debug|Any CPU = Debug|Any CPU
		Release|Any CPU = Release|Any CPU
	EndGlobalSection
	GlobalSection(ProjectConfigurationPlatforms) = postSolution
		{ba8b3e76-9c3e-0035-5f89-2098e647334b}.Debug|Any CPU.ActiveCfg = Debug|Any CPU
		{ba8b3e76-9c3e-0035-5f89-2098e647334b}.Debug|Any CPU.Build.0 = Debug|Any CPU
		{ba8b3e76-9c3e-0035-5f89-2098e647334b}.Release|Any CPU.ActiveCfg = Release|Any CPU
		{ba8b3e76-9c3e-0035-5f89-2098e647334b}.Release|Any CPU.Build.0 = Release|Any CPU
	EndGlobalSection
	GlobalSection(SolutionProperties) = preSolution
		HideSolutionNode = FALSE
	EndGlobalSection
EndGlobal
